
Microsoft Visual Studio Solution File, Format Version 12.00
# Visual Studio Version 16
VisualStudioVersion = 16.0.29709.97
MinimumVisualStudioVersion = 10.0.40219.1
Project("{FAE04EC0-301F-11D3-BF4B-00C04F79EFBC}") = "WebApplication2", "WebApplication2.csproj", "{A882E086-12B6-4066-80E5-33AE0B57D374}"
EndProject
Global
	GlobalSection(SolutionConfigurationPlatforms) = preSolution
		Debug|Any CPU = Debug|Any CPU
		Release|Any CPU = Release|Any CPU
	EndGlobalSection
	GlobalSection(ProjectConfigurationPlatforms) = postSolution
		{A882E086-12B6-4066-80E5-33AE0B57D374}.Debug|Any CPU.ActiveCfg = Debug|Any CPU
		{A882E086-12B6-4066-80E5-33AE0B57D374}.Debug|Any CPU.Build.0 = Debug|Any CPU
		{A882E086-12B6-4066-80E5-33AE0B57D374}.Release|Any CPU.ActiveCfg = Release|Any CPU
		{A882E086-12B6-4066-80E5-33AE0B57D374}.Release|Any CPU.Build.0 = Release|Any CPU
	EndGlobalSection
	GlobalSection(SolutionProperties) = preSolution
		HideSolutionNode = FALSE
	EndGlobalSection
	GlobalSection(ExtensibilityGlobals) = postSolution
		SolutionGuid = {9F803CC2-622A-4BAF-8A8E-3D5A493927B4}
	EndGlobalSection
EndGlobal
